
Microsoft Visual Studio Solution File, Format Version 12.00
# Visual Studio Version 17
VisualStudioVersion = 17.13.35825.156 d17.13
MinimumVisualStudioVersion = 10.0.40219.1
Project("{FAE04EC0-301F-11D3-BF4B-00C04F79EFBC}") = "tpmodul113_2311104044", "tpmodul113_2311104044\tpmodul113_2311104044.csproj", "{2DEFDF15-80C6-482B-AE84-6F244343A862}"
EndProject
Global
	GlobalSection(SolutionConfigurationPlatforms) = preSolution
		Debug|Any CPU = Debug|Any CPU
		Release|Any CPU = Release|Any CPU
	EndGlobalSection
	GlobalSection(ProjectConfigurationPlatforms) = postSolution
		{2DEFDF15-80C6-482B-AE84-6F244343A862}.Debug|Any CPU.ActiveCfg = Debug|Any CPU
		{2DEFDF15-80C6-482B-AE84-6F244343A862}.Debug|Any CPU.Build.0 = Debug|Any CPU
		{2DEFDF15-80C6-482B-AE84-6F244343A862}.Release|Any CPU.ActiveCfg = Release|Any CPU
		{2DEFDF15-80C6-482B-AE84-6F244343A862}.Release|Any CPU.Build.0 = Release|Any CPU
	EndGlobalSection
	GlobalSection(SolutionProperties) = preSolution
		HideSolutionNode = FALSE
	EndGlobalSection
	GlobalSection(ExtensibilityGlobals) = postSolution
		SolutionGuid = {34194340-46AB-448E-AB5F-1CE36B1C6C81}
	EndGlobalSection
EndGlobal
